
Microsoft Visual Studio Solution File, Format Version 12.00
# Visual Studio 15
VisualStudioVersion = 15.0.27130.2027
MinimumVisualStudioVersion = 10.0.40219.1
Project("{FAE04EC0-301F-11D3-BF4B-00C04F79EFBC}") = "NetRPG", "NetRPG\NetRPG.csproj", "{9FAB18DD-627A-45D1-A593-4388751A4C64}"
EndProject
Global
	GlobalSection(SolutionConfigurationPlatforms) = preSolution
		Debug|Any CPU = Debug|Any CPU
		Release|Any CPU = Release|Any CPU
	EndGlobalSection
	GlobalSection(ProjectConfigurationPlatforms) = postSolution
		{9FAB18DD-627A-45D1-A593-4388751A4C64}.Debug|Any CPU.ActiveCfg = Debug|Any CPU
		{9FAB18DD-627A-45D1-A593-4388751A4C64}.Debug|Any CPU.Build.0 = Debug|Any CPU
		{9FAB18DD-627A-45D1-A593-4388751A4C64}.Release|Any CPU.ActiveCfg = Release|Any CPU
		{9FAB18DD-627A-45D1-A593-4388751A4C64}.Release|Any CPU.Build.0 = Release|Any CPU
	EndGlobalSection
	GlobalSection(SolutionProperties) = preSolution
		HideSolutionNode = FALSE
	EndGlobalSection
	GlobalSection(ExtensibilityGlobals) = postSolution
		SolutionGuid = {4C01FE29-31DF-4BFA-8D30-F3CF130D2A12}
	EndGlobalSection
EndGlobal
